// !$*UTF8*$!
{
	archiveVersion = 1;
	classes = {
	};
	objectVersion = 50;
	objects = {

/* Begin PBXBuildFile section */
		D0B58EAE23969E1F009A6933 /* AppDelegate.swift in Sources */ = {isa = PBXBuildFile; fileRef = D0B58EAD23969E1F009A6933 /* AppDelegate.swift */; };
		D0B58EB023969E1F009A6933 /* SceneDelegate.swift in Sources */ = {isa = PBXBuildFile; fileRef = D0B58EAF23969E1F009A6933 /* SceneDelegate.swift */; };
		D0B58EB223969E1F009A6933 /* ViewController.swift in Sources */ = {isa = PBXBuildFile; fileRef = D0B58EB123969E1F009A6933 /* ViewController.swift */; };
		D0B58EB523969E1F009A6933 /* Main.storyboard in Resources */ = {isa = PBXBuildFile; fileRef = D0B58EB323969E1F009A6933 /* Main.storyboard */; };
		D0B58EB723969E21009A6933 /* Assets.xcassets in Resources */ = {isa = PBXBuildFile; fileRef = D0B58EB623969E21009A6933 /* Assets.xcassets */; };
		D0B58EBA23969E21009A6933 /* LaunchScreen.storyboard in Resources */ = {isa = PBXBuildFile; fileRef = D0B58EB823969E21009A6933 /* LaunchScreen.storyboard */; };
		D0B58EC223969E39009A6933 /* test.swift in Sources */ = {isa = PBXBuildFile; fileRef = D0B58EC123969E39009A6933 /* test.swift */; };
		D0B58EC62396A0AD009A6933 /* ABCTest.m in Sources */ = {isa = PBXBuildFile; fileRef = D0B58EC52396A0AD009A6933 /* ABCTest.m */; };
		D0B58EC82396A16D009A6933 /* ABCPerson.swift in Sources */ = {isa = PBXBuildFile; fileRef = D0B58EC72396A16D009A6933 /* ABCPerson.swift */; };
/* End PBXBuildFile section */

/* Begin PBXFileReference section */
		D0B58EAA23969E1F009A6933 /* INterview.app */ = {isa = PBXFileReference; explicitFileType = wrapper.application; includeInIndex = 0; path = INterview.app; sourceTree = BUILT_PRODUCTS_DIR; };
		D0B58EAD23969E1F009A6933 /* AppDelegate.swift */ = {isa = PBXFileReference; lastKnownFileType = sourcecode.swift; path = AppDelegate.swift; sourceTree = "<group>"; };
		D0B58EAF23969E1F009A6933 /* SceneDelegate.swift */ = {isa = PBXFileReference; lastKnownFileType = sourcecode.swift; path = SceneDelegate.swift; sourceTree = "<group>"; };
		D0B58EB123969E1F009A6933 /* ViewController.swift */ = {isa = PBXFileReference; lastKnownFileType = sourcecode.swift; path = ViewController.swift; sourceTree = "<group>"; };
		D0B58EB423969E1F009A6933 /* Base */ = {isa = PBXFileReference; lastKnownFileType = file.storyboard; name = Base; path = Base.lproj/Main.storyboard; sourceTree = "<group>"; };
		D0B58EB623969E21009A6933 /* Assets.xcassets */ = {isa = PBXFileReference; lastKnownFileType = folder.assetcatalog; path = Assets.xcassets; sourceTree = "<group>"; };
		D0B58EB923969E21009A6933 /* Base */ = {isa = PBXFileReference; lastKnownFileType = file.storyboard; name = Base; path = Base.lproj/LaunchScreen.storyboard; sourceTree = "<group>"; };
		D0B58EBB23969E21009A6933 /* Info.plist */ = {isa = PBXFileReference; lastKnownFileType = text.plist.xml; path = Info.plist; sourceTree = "<group>"; };
		D0B58EC123969E39009A6933 /* test.swift */ = {isa = PBXFileReference; lastKnownFileType = sourcecode.swift; path = test.swift; sourceTree = "<group>"; };
		D0B58EC32396A0AD009A6933 /* INterview-Bridging-Header.h */ = {isa = PBXFileReference; lastKnownFileType = sourcecode.c.h; path = "INterview-Bridging-Header.h"; sourceTree = "<group>"; };
		D0B58EC42396A0AD009A6933 /* ABCTest.h */ = {isa = PBXFileReference; lastKnownFileType = sourcecode.c.h; path = ABCTest.h; sourceTree = "<group>"; };
		D0B58EC52396A0AD009A6933 /* ABCTest.m */ = {isa = PBXFileReference; lastKnownFileType = sourcecode.c.objc; path = ABCTest.m; sourceTree = "<group>"; };
		D0B58EC72396A16D009A6933 /* ABCPerson.swift */ = {isa = PBXFileReference; lastKnownFileType = sourcecode.swift; path = ABCPerson.swift; sourceTree = "<group>"; };
/* End PBXFileReference section */

/* Begin PBXFrameworksBuildPhase section */
		D0B58EA723969E1F009A6933 /* Frameworks */ = {
			isa = PBXFrameworksBuildPhase;
			buildActionMask = 2147483647;
			files = (
			);
			runOnlyForDeploymentPostprocessing = 0;
		};
/* End PBXFrameworksBuildPhase section */

/* Begin PBXGroup section */
		D0B58EA123969E1F009A6933 = {
			isa = PBXGroup;
			children = (
				D0B58EAC23969E1F009A6933 /* INterview */,
				D0B58EAB23969E1F009A6933 /* Products */,
			);
			sourceTree = "<group>";
		};
		D0B58EAB23969E1F009A6933 /* Products */ = {
			isa = PBXGroup;
			children = (
				D0B58EAA23969E1F009A6933 /* INterview.app */,
			);
			name = Products;
			sourceTree = "<group>";
		};
		D0B58EAC23969E1F009A6933 /* INterview */ = {
			isa = PBXGroup;
			children = (
				D0B58EC123969E39009A6933 /* test.swift */,
				D0B58EC72396A16D009A6933 /* ABCPerson.swift */,
				D0B58EAD23969E1F009A6933 /* AppDelegate.swift */,
				D0B58EAF23969E1F009A6933 /* SceneDelegate.swift */,
				D0B58EB123969E1F009A6933 /* ViewController.swift */,
				D0B58EB323969E1F009A6933 /* Main.storyboard */,
				D0B58EB623969E21009A6933 /* Assets.xcassets */,
				D0B58EB823969E21009A6933 /* LaunchScreen.storyboard */,
				D0B58EBB23969E21009A6933 /* Info.plist */,
				D0B58EC42396A0AD009A6933 /* ABCTest.h */,
				D0B58EC52396A0AD009A6933 /* ABCTest.m */,
				D0B58EC32396A0AD009A6933 /* INterview-Bridging-Header.h */,
			);
			path = INterview;
			sourceTree = "<group>";
		};
/* End PBXGroup section */

/* Begin PBXNativeTarget section */
		D0B58EA923969E1F009A6933 /* INterview */ = {
			isa = PBXNativeTarget;
			buildConfigurationList = D0B58EBE23969E21009A6933 /* Build configuration list for PBXNativeTarget "INterview" */;
			buildPhases = (
				D0B58EA623969E1F009A6933 /* Sources */,
				D0B58EA723969E1F009A6933 /* Frameworks */,
				D0B58EA823969E1F009A6933 /* Resources */,
			);
			buildRules = (
			);
			dependencies = (
			);
			name = INterview;
			productName = INterview;
			productReference = D0B58EAA23969E1F009A6933 /* INterview.app */;
			productType = "com.apple.product-type.application";
		};
/* End PBXNativeTarget section */

/* Begin PBXProject section */
		D0B58EA223969E1F009A6933 /* Project object */ = {
			isa = PBXProject;
			attributes = {
				LastSwiftUpdateCheck = 1120;
				LastUpgradeCheck = 1120;
				ORGANIZATIONNAME = Justin;
				TargetAttributes = {
					D0B58EA923969E1F009A6933 = {
						CreatedOnToolsVersion = 11.2.1;
						LastSwiftMigration = 1120;
					};
				};
			};
			buildConfigurationList = D0B58EA523969E1F009A6933 /* Build configuration list for PBXProject "INterview" */;
			compatibilityVersion = "Xcode 9.3";
			developmentRegion = en;
			hasScannedForEncodings = 0;
			knownRegions = (
				en,
				Base,
			);
			mainGroup = D0B58EA123969E1F009A6933;
			productRefGroup = D0B58EAB23969E1F009A6933 /* Products */;
			projectDirPath = "";
			projectRoot = "";
			targets = (
				D0B58EA923969E1F009A6933 /* INterview */,
			);
		};
/* End PBXProject section */

/* Begin PBXResourcesBuildPhase section */
		D0B58EA823969E1F009A6933 /* Resources */ = {
			isa = PBXResourcesBuildPhase;
			buildActionMask = 2147483647;
			files = (
				D0B58EBA23969E21009A6933 /* LaunchScreen.storyboard in Resources */,
				D0B58EB723969E21009A6933 /* Assets.xcassets in Resources */,
				D0B58EB523969E1F009A6933 /* Main.storyboard in Resources */,
			);
			runOnlyForDeploymentPostprocessing = 0;
		};
/* End PBXResourcesBuildPhase section */

/* Begin PBXSourcesBuildPhase section */
		D0B58EA623969E1F009A6933 /* Sources */ = {
			isa = PBXSourcesBuildPhase;
			buildActionMask = 2147483647;
			files = (
				D0B58EB223969E1F009A6933 /* ViewController.swift in Sources */,
				D0B58EC62396A0AD009A6933 /* ABCTest.m in Sources */,
				D0B58EC223969E39009A6933 /* test.swift in Sources */,
				D0B58EAE23969E1F009A6933 /* AppDelegate.swift in Sources */,
				D0B58EB023969E1F009A6933 /* SceneDelegate.swift in Sources */,
				D0B58EC82396A16D009A6933 /* ABCPerson.swift in Sources */,
			);
			runOnlyForDeploymentPostprocessing = 0;
		};
/* End PBXSourcesBuildPhase section */

/* Begin PBXVariantGroup section */
		D0B58EB323969E1F009A6933 /* Main.storyboard */ = {
			isa = PBXVariantGroup;
			children = (
				D0B58EB423969E1F009A6933 /* Base */,
			);
			name = Main.storyboard;
			sourceTree = "<group>";
		};
		D0B58EB823969E21009A6933 /* LaunchScreen.storyboard */ = {
			isa = PBXVariantGroup;
			children = (
				D0B58EB923969E21009A6933 /* Base */,
			);
			name = LaunchScreen.storyboard;
			sourceTree = "<group>";
		};
/* End PBXVariantGroup section */

/* Begin XCBuildConfiguration section */
		D0B58EBC23969E21009A6933 /* Debug */ = {
			isa = XCBuildConfiguration;
			buildSettings = {
				ALWAYS_SEARCH_USER_PATHS = NO;
				CLANG_ANALYZER_NONNULL = YES;
				CLANG_ANALYZER_NUMBER_OBJECT_CONVERSION = YES_AGGRESSIVE;
				CLANG_CXX_LANGUAGE_STANDARD = "gnu++14";
				CLANG_CXX_LIBRARY = "libc++";
				CLANG_ENABLE_MODULES = YES;
				CLANG_ENABLE_OBJC_ARC = YES;
				CLANG_ENABLE_OBJC_WEAK = YES;
				CLANG_WARN_BLOCK_CAPTURE_AUTORELEASING = YES;
				CLANG_WARN_BOOL_CONVERSION = YES;
				CLANG_WARN_COMMA = YES;
				CLANG_WARN_CONSTANT_CONVERSION = YES;
				CLANG_WARN_DEPRECATED_OBJC_IMPLEMENTATIONS = YES;
				CLANG_WARN_DIRECT_OBJC_ISA_USAGE = YES_ERROR;
				CLANG_WARN_DOCUMENTATION_COMMENTS = YES;
				CLANG_WARN_EMPTY_BODY = YES;
				CLANG_WARN_ENUM_CONVERSION = YES;
				CLANG_WARN_INFINITE_RECURSION = YES;
				CLANG_WARN_INT_CONVERSION = YES;
				CLANG_WARN_NON_LITERAL_NULL_CONVERSION = YES;
				CLANG_WARN_OBJC_IMPLICIT_RETAIN_SELF = YES;
				CLANG_WARN_OBJC_LITERAL_CONVERSION = YES;
				CLANG_WARN_OBJC_ROOT_CLASS = YES_ERROR;
				CLANG_WARN_RANGE_LOOP_ANALYSIS = YES;
				CLANG_WARN_STRICT_PROTOTYPES = YES;
				CLANG_WARN_SUSPICIOUS_MOVE = YES;
				CLANG_WARN_UNGUARDED_AVAILABILITY = YES_AGGRESSIVE;
				CLANG_WARN_UNREACHABLE_CODE = YES;
				CLANG_WARN__DUPLICATE_METHOD_MATCH = YES;
				COPY_PHASE_STRIP = NO;
				DEBUG_INFORMATION_FORMAT = dwarf;
				ENABLE_STRICT_OBJC_MSGSEND = YES;
				ENABLE_TESTABILITY = YES;
				GCC_C_LANGUAGE_STANDARD = gnu11;
				GCC_DYNAMIC_NO_PIC = NO;
				GCC_NO_COMMON_BLOCKS = YES;
				GCC_OPTIMIZATION_LEVEL = 0;
				GCC_PREPROCESSOR_DEFINITIONS = (
					"DEBUG=1",
					"$(inherited)",
				);
				GCC_WARN_64_TO_32_BIT_CONVERSION = YES;
				GCC_WARN_ABOUT_RETURN_TYPE = YES_ERROR;
				GCC_WARN_UNDECLARED_SELECTOR = YES;
				GCC_WARN_UNINITIALIZED_AUTOS = YES_AGGRESSIVE;
				GCC_WARN_UNUSED_FUNCTION = YES;
				GCC_WARN_UNUSED_VARIABLE = YES;
				IPHONEOS_DEPLOYMENT_TARGET = 13.2;
				MTL_ENABLE_DEBUG_INFO = INCLUDE_SOURCE;
				MTL_FAST_MATH = YES;
				ONLY_ACTIVE_ARCH = YES;
				SDKROOT = iphoneos;
				SWIFT_ACTIVE_COMPILATION_CONDITIONS = DEBUG;
				SWIFT_OPTIMIZATION_LEVEL = "-Onone";
			};
			name = Debug;
		};
		D0B58EBD23969E21009A6933 /* Release */ = {
			isa = XCBuildConfiguration;
			buildSettings = {
				ALWAYS_SEARCH_USER_PATHS = NO;
				CLANG_ANALYZER_NONNULL = YES;
				CLANG_ANALYZER_NUMBER_OBJECT_CONVERSION = YES_AGGRESSIVE;
				CLANG_CXX_LANGUAGE_STANDARD = "gnu++14";
				CLANG_CXX_LIBRARY = "libc++";
				CLANG_ENABLE_MODULES = YES;
				CLANG_ENABLE_OBJC_ARC = YES;
				CLANG_ENABLE_OBJC_WEAK = YES;
				CLANG_WARN_BLOCK_CAPTURE_AUTORELEASING = YES;
				CLANG_WARN_BOOL_CONVERSION = YES;
				CLANG_WARN_COMMA = YES;
				CLANG_WARN_CONSTANT_CONVERSION = YES;
				CLANG_WARN_DEPRECATED_OBJC_IMPLEMENTATIONS = YES;
				CLANG_WARN_DIRECT_OBJC_ISA_USAGE = YES_ERROR;
				CLANG_WARN_DOCUMENTATION_COMMENTS = YES;
				CLANG_WARN_EMPTY_BODY = YES;
				CLANG_WARN_ENUM_CONVERSION = YES;
				CLANG_WARN_INFINITE_RECURSION = YES;
				CLANG_WARN_INT_CONVERSION = YES;
				CLANG_WARN_NON_LITERAL_NULL_CONVERSION = YES;
				CLANG_WARN_OBJC_IMPLICIT_RETAIN_SELF = YES;
				CLANG_WARN_OBJC_LITERAL_CONVERSION = YES;
				CLANG_WARN_OBJC_ROOT_CLASS = YES_ERROR;
				CLANG_WARN_RANGE_LOOP_ANALYSIS = YES;
				CLANG_WARN_STRICT_PROTOTYPES = YES;
				CLANG_WARN_SUSPICIOUS_MOVE = YES;
				CLANG_WARN_UNGUARDED_AVAILABILITY = YES_AGGRESSIVE;
				CLANG_WARN_UNREACHABLE_CODE = YES;
				CLANG_WARN__DUPLICATE_METHOD_MATCH = YES;
				COPY_PHASE_STRIP = NO;
				DEBUG_INFORMATION_FORMAT = "dwarf-with-dsym";
				ENABLE_NS_ASSERTIONS = NO;
				ENABLE_STRICT_OBJC_MSGSEND = YES;
				GCC_C_LANGUAGE_STANDARD = gnu11;
				GCC_NO_COMMON_BLOCKS = YES;
				GCC_WARN_64_TO_32_BIT_CONVERSION = YES;
				GCC_WARN_ABOUT_RETURN_TYPE = YES_ERROR;
				GCC_WARN_UNDECLARED_SELECTOR = YES;
				GCC_WARN_UNINITIALIZED_AUTOS = YES_AGGRESSIVE;
				GCC_WARN_UNUSED_FUNCTION = YES;
				GCC_WARN_UNUSED_VARIABLE = YES;
				IPHONEOS_DEPLOYMENT_TARGET = 13.2;
				MTL_ENABLE_DEBUG_INFO = NO;
				MTL_FAST_MATH = YES;
				SDKROOT = iphoneos;
				SWIFT_COMPILATION_MODE = wholemodule;
				SWIFT_OPTIMIZATION_LEVEL = "-O";
				VALIDATE_PRODUCT = YES;
			};
			name = Release;
		};
		D0B58EBF23969E21009A6933 /* Debug */ = {
			isa = XCBuildConfiguration;
			buildSettings = {
				ASSETCATALOG_COMPILER_APPICON_NAME = AppIcon;
				CLANG_ENABLE_MODULES = YES;
				CODE_SIGN_STYLE = Automatic;
				INFOPLIST_FILE = INterview/Info.plist;
				LD_RUNPATH_SEARCH_PATHS = (
					"$(inherited)",
					"@executable_path/Frameworks",
				);
				PRODUCT_BUNDLE_IDENTIFIER = com.hello.INterview;
				PRODUCT_NAME = "$(TARGET_NAME)";
				SWIFT_OBJC_BRIDGING_HEADER = "INterview/INterview-Bridging-Header.h";
				SWIFT_OPTIMIZATION_LEVEL = "-Onone";
				SWIFT_VERSION = 5.0;
				TARGETED_DEVICE_FAMILY = "1,2";
			};
			name = Debug;
		};
		D0B58EC023969E21009A6933 /* Release */ = {
			isa = XCBuildConfiguration;
			buildSettings = {
				ASSETCATALOG_COMPILER_APPICON_NAME = AppIcon;
				CLANG_ENABLE_MODULES = YES;
				CODE_SIGN_STYLE = Automatic;
				INFOPLIST_FILE = INterview/Info.plist;
				LD_RUNPATH_SEARCH_PATHS = (
					"$(inherited)",
					"@executable_path/Frameworks",
				);
				PRODUCT_BUNDLE_IDENTIFIER = com.hello.INterview;
				PRODUCT_NAME = "$(TARGET_NAME)";
				SWIFT_OBJC_BRIDGING_HEADER = "INterview/INterview-Bridging-Header.h";
				SWIFT_VERSION = 5.0;
				TARGETED_DEVICE_FAMILY = "1,2";
			};
			name = Release;
		};
/* End XCBuildConfiguration section */

/* Begin XCConfigurationList section */
		D0B58EA523969E1F009A6933 /* Build configuration list for PBXProject "INterview" */ = {
			isa = XCConfigurationList;
			buildConfigurations = (
				D0B58EBC23969E21009A6933 /* Debug */,
				D0B58EBD23969E21009A6933 /* Release */,
			);
			defaultConfigurationIsVisible = 0;
			defaultConfigurationName = Release;
		};
		D0B58EBE23969E21009A6933 /* Build configuration list for PBXNativeTarget "INterview" */ = {
			isa = XCConfigurationList;
			buildConfigurations = (
				D0B58EBF23969E21009A6933 /* Debug */,
				D0B58EC023969E21009A6933 /* Release */,
			);
			defaultConfigurationIsVisible = 0;
			defaultConfigurationName = Release;
		};
/* End XCConfigurationList section */
	};
	rootObject = D0B58EA223969E1F009A6933 /* Project object */;
}
