// !$*UTF8*$!
{
	archiveVersion = 1;
	classes = {
	};
	objectVersion = 50;
	objects = {

/* Begin PBXBuildFile section */
		D003B091236D17F800E31F4E /* AppDelegate.swift in Sources */ = {isa = PBXBuildFile; fileRef = D003B090236D17F800E31F4E /* AppDelegate.swift */; };
		D003B093236D17F800E31F4E /* SceneDelegate.swift in Sources */ = {isa = PBXBuildFile; fileRef = D003B092236D17F800E31F4E /* SceneDelegate.swift */; };
		D003B095236D17F800E31F4E /* ViewController.swift in Sources */ = {isa = PBXBuildFile; fileRef = D003B094236D17F800E31F4E /* ViewController.swift */; };
		D003B098236D17F800E31F4E /* Main.storyboard in Resources */ = {isa = PBXBuildFile; fileRef = D003B096236D17F800E31F4E /* Main.storyboard */; };
		D003B09A236D17F900E31F4E /* Assets.xcassets in Resources */ = {isa = PBXBuildFile; fileRef = D003B099236D17F900E31F4E /* Assets.xcassets */; };
		D003B09D236D17F900E31F4E /* LaunchScreen.storyboard in Resources */ = {isa = PBXBuildFile; fileRef = D003B09B236D17F900E31F4E /* LaunchScreen.storyboard */; };
		D02BF634236E8DDD001CBDF8 /* TrieNode.swift in Sources */ = {isa = PBXBuildFile; fileRef = D02BF633236E8DDD001CBDF8 /* TrieNode.swift */; };
		D02BF636236E8E74001CBDF8 /* Trie.swift in Sources */ = {isa = PBXBuildFile; fileRef = D02BF635236E8E74001CBDF8 /* Trie.swift */; };
/* End PBXBuildFile section */

/* Begin PBXFileReference section */
		D003B08D236D17F800E31F4E /* BFS&DFS.app */ = {isa = PBXFileReference; explicitFileType = wrapper.application; includeInIndex = 0; path = "BFS&DFS.app"; sourceTree = BUILT_PRODUCTS_DIR; };
		D003B090236D17F800E31F4E /* AppDelegate.swift */ = {isa = PBXFileReference; lastKnownFileType = sourcecode.swift; path = AppDelegate.swift; sourceTree = "<group>"; };
		D003B092236D17F800E31F4E /* SceneDelegate.swift */ = {isa = PBXFileReference; lastKnownFileType = sourcecode.swift; path = SceneDelegate.swift; sourceTree = "<group>"; };
		D003B094236D17F800E31F4E /* ViewController.swift */ = {isa = PBXFileReference; lastKnownFileType = sourcecode.swift; path = ViewController.swift; sourceTree = "<group>"; };
		D003B097236D17F800E31F4E /* Base */ = {isa = PBXFileReference; lastKnownFileType = file.storyboard; name = Base; path = Base.lproj/Main.storyboard; sourceTree = "<group>"; };
		D003B099236D17F900E31F4E /* Assets.xcassets */ = {isa = PBXFileReference; lastKnownFileType = folder.assetcatalog; path = Assets.xcassets; sourceTree = "<group>"; };
		D003B09C236D17F900E31F4E /* Base */ = {isa = PBXFileReference; lastKnownFileType = file.storyboard; name = Base; path = Base.lproj/LaunchScreen.storyboard; sourceTree = "<group>"; };
		D003B09E236D17F900E31F4E /* Info.plist */ = {isa = PBXFileReference; lastKnownFileType = text.plist.xml; path = Info.plist; sourceTree = "<group>"; };
		D02BF633236E8DDD001CBDF8 /* TrieNode.swift */ = {isa = PBXFileReference; lastKnownFileType = sourcecode.swift; path = TrieNode.swift; sourceTree = "<group>"; };
		D02BF635236E8E74001CBDF8 /* Trie.swift */ = {isa = PBXFileReference; lastKnownFileType = sourcecode.swift; path = Trie.swift; sourceTree = "<group>"; };
/* End PBXFileReference section */

/* Begin PBXFrameworksBuildPhase section */
		D003B08A236D17F800E31F4E /* Frameworks */ = {
			isa = PBXFrameworksBuildPhase;
			buildActionMask = 2147483647;
			files = (
			);
			runOnlyForDeploymentPostprocessing = 0;
		};
/* End PBXFrameworksBuildPhase section */

/* Begin PBXGroup section */
		D003B084236D17F800E31F4E = {
			isa = PBXGroup;
			children = (
				D003B08F236D17F800E31F4E /* BFS&DFS */,
				D003B08E236D17F800E31F4E /* Products */,
			);
			sourceTree = "<group>";
		};
		D003B08E236D17F800E31F4E /* Products */ = {
			isa = PBXGroup;
			children = (
				D003B08D236D17F800E31F4E /* BFS&DFS.app */,
			);
			name = Products;
			sourceTree = "<group>";
		};
		D003B08F236D17F800E31F4E /* BFS&DFS */ = {
			isa = PBXGroup;
			children = (
				D003B090236D17F800E31F4E /* AppDelegate.swift */,
				D003B092236D17F800E31F4E /* SceneDelegate.swift */,
				D003B094236D17F800E31F4E /* ViewController.swift */,
				D003B096236D17F800E31F4E /* Main.storyboard */,
				D003B099236D17F900E31F4E /* Assets.xcassets */,
				D003B09B236D17F900E31F4E /* LaunchScreen.storyboard */,
				D003B09E236D17F900E31F4E /* Info.plist */,
				D02BF633236E8DDD001CBDF8 /* TrieNode.swift */,
				D02BF635236E8E74001CBDF8 /* Trie.swift */,
			);
			path = "BFS&DFS";
			sourceTree = "<group>";
		};
/* End PBXGroup section */

/* Begin PBXNativeTarget section */
		D003B08C236D17F800E31F4E /* BFS&DFS */ = {
			isa = PBXNativeTarget;
			buildConfigurationList = D003B0A1236D17F900E31F4E /* Build configuration list for PBXNativeTarget "BFS&DFS" */;
			buildPhases = (
				D003B089236D17F800E31F4E /* Sources */,
				D003B08A236D17F800E31F4E /* Frameworks */,
				D003B08B236D17F800E31F4E /* Resources */,
			);
			buildRules = (
			);
			dependencies = (
			);
			name = "BFS&DFS";
			productName = "BFS&DFS";
			productReference = D003B08D236D17F800E31F4E /* BFS&DFS.app */;
			productType = "com.apple.product-type.application";
		};
/* End PBXNativeTarget section */

/* Begin PBXProject section */
		D003B085236D17F800E31F4E /* Project object */ = {
			isa = PBXProject;
			attributes = {
				LastSwiftUpdateCheck = 1110;
				LastUpgradeCheck = 1110;
				ORGANIZATIONNAME = justin;
				TargetAttributes = {
					D003B08C236D17F800E31F4E = {
						CreatedOnToolsVersion = 11.1;
					};
				};
			};
			buildConfigurationList = D003B088236D17F800E31F4E /* Build configuration list for PBXProject "BFS&DFS" */;
			compatibilityVersion = "Xcode 9.3";
			developmentRegion = en;
			hasScannedForEncodings = 0;
			knownRegions = (
				en,
				Base,
			);
			mainGroup = D003B084236D17F800E31F4E;
			productRefGroup = D003B08E236D17F800E31F4E /* Products */;
			projectDirPath = "";
			projectRoot = "";
			targets = (
				D003B08C236D17F800E31F4E /* BFS&DFS */,
			);
		};
/* End PBXProject section */

/* Begin PBXResourcesBuildPhase section */
		D003B08B236D17F800E31F4E /* Resources */ = {
			isa = PBXResourcesBuildPhase;
			buildActionMask = 2147483647;
			files = (
				D003B09D236D17F900E31F4E /* LaunchScreen.storyboard in Resources */,
				D003B09A236D17F900E31F4E /* Assets.xcassets in Resources */,
				D003B098236D17F800E31F4E /* Main.storyboard in Resources */,
			);
			runOnlyForDeploymentPostprocessing = 0;
		};
/* End PBXResourcesBuildPhase section */

/* Begin PBXSourcesBuildPhase section */
		D003B089236D17F800E31F4E /* Sources */ = {
			isa = PBXSourcesBuildPhase;
			buildActionMask = 2147483647;
			files = (
				D02BF636236E8E74001CBDF8 /* Trie.swift in Sources */,
				D003B095236D17F800E31F4E /* ViewController.swift in Sources */,
				D003B091236D17F800E31F4E /* AppDelegate.swift in Sources */,
				D003B093236D17F800E31F4E /* SceneDelegate.swift in Sources */,
				D02BF634236E8DDD001CBDF8 /* TrieNode.swift in Sources */,
			);
			runOnlyForDeploymentPostprocessing = 0;
		};
/* End PBXSourcesBuildPhase section */

/* Begin PBXVariantGroup section */
		D003B096236D17F800E31F4E /* Main.storyboard */ = {
			isa = PBXVariantGroup;
			children = (
				D003B097236D17F800E31F4E /* Base */,
			);
			name = Main.storyboard;
			sourceTree = "<group>";
		};
		D003B09B236D17F900E31F4E /* LaunchScreen.storyboard */ = {
			isa = PBXVariantGroup;
			children = (
				D003B09C236D17F900E31F4E /* Base */,
			);
			name = LaunchScreen.storyboard;
			sourceTree = "<group>";
		};
/* End PBXVariantGroup section */

/* Begin XCBuildConfiguration section */
		D003B09F236D17F900E31F4E /* Debug */ = {
			isa = XCBuildConfiguration;
			buildSettings = {
				ALWAYS_SEARCH_USER_PATHS = NO;
				CLANG_ANALYZER_NONNULL = YES;
				CLANG_ANALYZER_NUMBER_OBJECT_CONVERSION = YES_AGGRESSIVE;
				CLANG_CXX_LANGUAGE_STANDARD = "gnu++14";
				CLANG_CXX_LIBRARY = "libc++";
				CLANG_ENABLE_MODULES = YES;
				CLANG_ENABLE_OBJC_ARC = YES;
				CLANG_ENABLE_OBJC_WEAK = YES;
				CLANG_WARN_BLOCK_CAPTURE_AUTORELEASING = YES;
				CLANG_WARN_BOOL_CONVERSION = YES;
				CLANG_WARN_COMMA = YES;
				CLANG_WARN_CONSTANT_CONVERSION = YES;
				CLANG_WARN_DEPRECATED_OBJC_IMPLEMENTATIONS = YES;
				CLANG_WARN_DIRECT_OBJC_ISA_USAGE = YES_ERROR;
				CLANG_WARN_DOCUMENTATION_COMMENTS = YES;
				CLANG_WARN_EMPTY_BODY = YES;
				CLANG_WARN_ENUM_CONVERSION = YES;
				CLANG_WARN_INFINITE_RECURSION = YES;
				CLANG_WARN_INT_CONVERSION = YES;
				CLANG_WARN_NON_LITERAL_NULL_CONVERSION = YES;
				CLANG_WARN_OBJC_IMPLICIT_RETAIN_SELF = YES;
				CLANG_WARN_OBJC_LITERAL_CONVERSION = YES;
				CLANG_WARN_OBJC_ROOT_CLASS = YES_ERROR;
				CLANG_WARN_RANGE_LOOP_ANALYSIS = YES;
				CLANG_WARN_STRICT_PROTOTYPES = YES;
				CLANG_WARN_SUSPICIOUS_MOVE = YES;
				CLANG_WARN_UNGUARDED_AVAILABILITY = YES_AGGRESSIVE;
				CLANG_WARN_UNREACHABLE_CODE = YES;
				CLANG_WARN__DUPLICATE_METHOD_MATCH = YES;
				COPY_PHASE_STRIP = NO;
				DEBUG_INFORMATION_FORMAT = dwarf;
				ENABLE_STRICT_OBJC_MSGSEND = YES;
				ENABLE_TESTABILITY = YES;
				GCC_C_LANGUAGE_STANDARD = gnu11;
				GCC_DYNAMIC_NO_PIC = NO;
				GCC_NO_COMMON_BLOCKS = YES;
				GCC_OPTIMIZATION_LEVEL = 0;
				GCC_PREPROCESSOR_DEFINITIONS = (
					"DEBUG=1",
					"$(inherited)",
				);
				GCC_WARN_64_TO_32_BIT_CONVERSION = YES;
				GCC_WARN_ABOUT_RETURN_TYPE = YES_ERROR;
				GCC_WARN_UNDECLARED_SELECTOR = YES;
				GCC_WARN_UNINITIALIZED_AUTOS = YES_AGGRESSIVE;
				GCC_WARN_UNUSED_FUNCTION = YES;
				GCC_WARN_UNUSED_VARIABLE = YES;
				IPHONEOS_DEPLOYMENT_TARGET = 13.1;
				MTL_ENABLE_DEBUG_INFO = INCLUDE_SOURCE;
				MTL_FAST_MATH = YES;
				ONLY_ACTIVE_ARCH = YES;
				SDKROOT = iphoneos;
				SWIFT_ACTIVE_COMPILATION_CONDITIONS = DEBUG;
				SWIFT_OPTIMIZATION_LEVEL = "-Onone";
			};
			name = Debug;
		};
		D003B0A0236D17F900E31F4E /* Release */ = {
			isa = XCBuildConfiguration;
			buildSettings = {
				ALWAYS_SEARCH_USER_PATHS = NO;
				CLANG_ANALYZER_NONNULL = YES;
				CLANG_ANALYZER_NUMBER_OBJECT_CONVERSION = YES_AGGRESSIVE;
				CLANG_CXX_LANGUAGE_STANDARD = "gnu++14";
				CLANG_CXX_LIBRARY = "libc++";
				CLANG_ENABLE_MODULES = YES;
				CLANG_ENABLE_OBJC_ARC = YES;
				CLANG_ENABLE_OBJC_WEAK = YES;
				CLANG_WARN_BLOCK_CAPTURE_AUTORELEASING = YES;
				CLANG_WARN_BOOL_CONVERSION = YES;
				CLANG_WARN_COMMA = YES;
				CLANG_WARN_CONSTANT_CONVERSION = YES;
				CLANG_WARN_DEPRECATED_OBJC_IMPLEMENTATIONS = YES;
				CLANG_WARN_DIRECT_OBJC_ISA_USAGE = YES_ERROR;
				CLANG_WARN_DOCUMENTATION_COMMENTS = YES;
				CLANG_WARN_EMPTY_BODY = YES;
				CLANG_WARN_ENUM_CONVERSION = YES;
				CLANG_WARN_INFINITE_RECURSION = YES;
				CLANG_WARN_INT_CONVERSION = YES;
				CLANG_WARN_NON_LITERAL_NULL_CONVERSION = YES;
				CLANG_WARN_OBJC_IMPLICIT_RETAIN_SELF = YES;
				CLANG_WARN_OBJC_LITERAL_CONVERSION = YES;
				CLANG_WARN_OBJC_ROOT_CLASS = YES_ERROR;
				CLANG_WARN_RANGE_LOOP_ANALYSIS = YES;
				CLANG_WARN_STRICT_PROTOTYPES = YES;
				CLANG_WARN_SUSPICIOUS_MOVE = YES;
				CLANG_WARN_UNGUARDED_AVAILABILITY = YES_AGGRESSIVE;
				CLANG_WARN_UNREACHABLE_CODE = YES;
				CLANG_WARN__DUPLICATE_METHOD_MATCH = YES;
				COPY_PHASE_STRIP = NO;
				DEBUG_INFORMATION_FORMAT = "dwarf-with-dsym";
				ENABLE_NS_ASSERTIONS = NO;
				ENABLE_STRICT_OBJC_MSGSEND = YES;
				GCC_C_LANGUAGE_STANDARD = gnu11;
				GCC_NO_COMMON_BLOCKS = YES;
				GCC_WARN_64_TO_32_BIT_CONVERSION = YES;
				GCC_WARN_ABOUT_RETURN_TYPE = YES_ERROR;
				GCC_WARN_UNDECLARED_SELECTOR = YES;
				GCC_WARN_UNINITIALIZED_AUTOS = YES_AGGRESSIVE;
				GCC_WARN_UNUSED_FUNCTION = YES;
				GCC_WARN_UNUSED_VARIABLE = YES;
				IPHONEOS_DEPLOYMENT_TARGET = 13.1;
				MTL_ENABLE_DEBUG_INFO = NO;
				MTL_FAST_MATH = YES;
				SDKROOT = iphoneos;
				SWIFT_COMPILATION_MODE = wholemodule;
				SWIFT_OPTIMIZATION_LEVEL = "-O";
				VALIDATE_PRODUCT = YES;
			};
			name = Release;
		};
		D003B0A2236D17F900E31F4E /* Debug */ = {
			isa = XCBuildConfiguration;
			buildSettings = {
				ASSETCATALOG_COMPILER_APPICON_NAME = AppIcon;
				CODE_SIGN_STYLE = Automatic;
				INFOPLIST_FILE = "BFS&DFS/Info.plist";
				LD_RUNPATH_SEARCH_PATHS = (
					"$(inherited)",
					"@executable_path/Frameworks",
				);
				PRODUCT_BUNDLE_IDENTIFIER = "com.justin.BFS-DFS";
				PRODUCT_NAME = "$(TARGET_NAME)";
				SWIFT_VERSION = 5.0;
				TARGETED_DEVICE_FAMILY = 1;
			};
			name = Debug;
		};
		D003B0A3236D17F900E31F4E /* Release */ = {
			isa = XCBuildConfiguration;
			buildSettings = {
				ASSETCATALOG_COMPILER_APPICON_NAME = AppIcon;
				CODE_SIGN_STYLE = Automatic;
				INFOPLIST_FILE = "BFS&DFS/Info.plist";
				LD_RUNPATH_SEARCH_PATHS = (
					"$(inherited)",
					"@executable_path/Frameworks",
				);
				PRODUCT_BUNDLE_IDENTIFIER = "com.justin.BFS-DFS";
				PRODUCT_NAME = "$(TARGET_NAME)";
				SWIFT_VERSION = 5.0;
				TARGETED_DEVICE_FAMILY = 1;
			};
			name = Release;
		};
/* End XCBuildConfiguration section */

/* Begin XCConfigurationList section */
		D003B088236D17F800E31F4E /* Build configuration list for PBXProject "BFS&DFS" */ = {
			isa = XCConfigurationList;
			buildConfigurations = (
				D003B09F236D17F900E31F4E /* Debug */,
				D003B0A0236D17F900E31F4E /* Release */,
			);
			defaultConfigurationIsVisible = 0;
			defaultConfigurationName = Release;
		};
		D003B0A1236D17F900E31F4E /* Build configuration list for PBXNativeTarget "BFS&DFS" */ = {
			isa = XCConfigurationList;
			buildConfigurations = (
				D003B0A2236D17F900E31F4E /* Debug */,
				D003B0A3236D17F900E31F4E /* Release */,
			);
			defaultConfigurationIsVisible = 0;
			defaultConfigurationName = Release;
		};
/* End XCConfigurationList section */
	};
	rootObject = D003B085236D17F800E31F4E /* Project object */;
}
